
Microsoft Visual Studio Solution File, Format Version 12.00
# Visual Studio Version 16
VisualStudioVersion = 16.0.29613.14
MinimumVisualStudioVersion = 10.0.40219.1
Project("{9A19103F-16F7-4668-BE54-9A1E7A4F7556}") = "MicroFeel.CMQ", "cmq\MicroFeel.CMQ.csproj", "{63390A40-6DAB-4825-AB9F-3BDE64C19218}"
EndProject
Project("{9A19103F-16F7-4668-BE54-9A1E7A4F7556}") = "CmqTest", "CmqTest\CmqTest.csproj", "{A2B9463E-5429-4C9D-98A3-DC13647B553B}"
EndProject
Global
	GlobalSection(SolutionConfigurationPlatforms) = preSolution
		Debug|Any CPU = Debug|Any CPU
		Release|Any CPU = Release|Any CPU
	EndGlobalSection
	GlobalSection(ProjectConfigurationPlatforms) = postSolution
		{63390A40-6DAB-4825-AB9F-3BDE64C19218}.Debug|Any CPU.ActiveCfg = Debug|Any CPU
		{63390A40-6DAB-4825-AB9F-3BDE64C19218}.Debug|Any CPU.Build.0 = Debug|Any CPU
		{63390A40-6DAB-4825-AB9F-3BDE64C19218}.Release|Any CPU.ActiveCfg = Release|Any CPU
		{63390A40-6DAB-4825-AB9F-3BDE64C19218}.Release|Any CPU.Build.0 = Release|Any CPU
		{A2B9463E-5429-4C9D-98A3-DC13647B553B}.Debug|Any CPU.ActiveCfg = Debug|Any CPU
		{A2B9463E-5429-4C9D-98A3-DC13647B553B}.Debug|Any CPU.Build.0 = Debug|Any CPU
		{A2B9463E-5429-4C9D-98A3-DC13647B553B}.Release|Any CPU.ActiveCfg = Release|Any CPU
		{A2B9463E-5429-4C9D-98A3-DC13647B553B}.Release|Any CPU.Build.0 = Release|Any CPU
	EndGlobalSection
	GlobalSection(SolutionProperties) = preSolution
		HideSolutionNode = FALSE
	EndGlobalSection
	GlobalSection(ExtensibilityGlobals) = postSolution
		SolutionGuid = {5DD1D3AF-1DC3-46F1-A03A-09E0D23C861E}
	EndGlobalSection
EndGlobal
